
Microsoft Visual Studio Solution File, Format Version 12.00
# Visual Studio Version 16
VisualStudioVersion = 16.0.32802.440
MinimumVisualStudioVersion = 10.0.40219.1
Project("{FAE04EC0-301F-11D3-BF4B-00C04F79EFBC}") = "Tugas4_SIBKMNet-", "Tugas4_SIBKMNet-\Tugas4_SIBKMNet-.csproj", "{CD952845-A5C8-484A-8C62-272A62A7FBCC}"
EndProject
Global
	GlobalSection(SolutionConfigurationPlatforms) = preSolution
		Debug|Any CPU = Debug|Any CPU
		Release|Any CPU = Release|Any CPU
	EndGlobalSection
	GlobalSection(ProjectConfigurationPlatforms) = postSolution
		{CD952845-A5C8-484A-8C62-272A62A7FBCC}.Debug|Any CPU.ActiveCfg = Debug|Any CPU
		{CD952845-A5C8-484A-8C62-272A62A7FBCC}.Debug|Any CPU.Build.0 = Debug|Any CPU
		{CD952845-A5C8-484A-8C62-272A62A7FBCC}.Release|Any CPU.ActiveCfg = Release|Any CPU
		{CD952845-A5C8-484A-8C62-272A62A7FBCC}.Release|Any CPU.Build.0 = Release|Any CPU
	EndGlobalSection
	GlobalSection(SolutionProperties) = preSolution
		HideSolutionNode = FALSE
	EndGlobalSection
	GlobalSection(ExtensibilityGlobals) = postSolution
		SolutionGuid = {EE513F12-52FE-4F5F-9DCF-90C8D7F597BD}
	EndGlobalSection
EndGlobal
